
Microsoft Visual Studio Solution File, Format Version 12.00
# Visual Studio Version 16
VisualStudioVersion = 16.0.31424.327
MinimumVisualStudioVersion = 10.0.40219.1
Project("{2150E333-8FDC-42A3-9474-1A3956D46DE8}") = "Services", "Services", "{2737B14D-8CBF-402B-85EB-817D82A95A2F}"
EndProject
Project("{2150E333-8FDC-42A3-9474-1A3956D46DE8}") = "Catalog", "Catalog", "{6C1047EE-995D-4FC0-AD16-C9E8B50739C8}"
EndProject
Project("{9A19103F-16F7-4668-BE54-9A1E7A4F7556}") = "Catalog.API", "Services\Catalog\Catalog.API\Catalog.API.csproj", "{2FC829A0-A765-46DD-B38E-125F42BB5DC6}"
EndProject
Project("{E53339B2-1760-4266-BCC7-CA923CBCF16C}") = "docker-compose", "docker-compose.dcproj", "{2465971E-D986-4AC3-A2E5-553AC48EDE6C}"
EndProject
Project("{2150E333-8FDC-42A3-9474-1A3956D46DE8}") = "Basket", "Basket", "{3DFBEFB4-36AB-457E-96BA-85F73B3355E7}"
EndProject
Project("{9A19103F-16F7-4668-BE54-9A1E7A4F7556}") = "Basket.API", "Services\Basket\Basket.API\Basket.API.csproj", "{21ED1432-5D7A-4BE3-AA10-EDCB9F84F7F3}"
EndProject
Project("{2150E333-8FDC-42A3-9474-1A3956D46DE8}") = "Discount", "Discount", "{ABAAD453-C711-4703-A4AE-001C38138A10}"
EndProject
Project("{9A19103F-16F7-4668-BE54-9A1E7A4F7556}") = "Discount.API", "Services\Discount\Discount.API\Discount.API.csproj", "{C487F94F-F6AB-497E-98BD-B14FDFF1FEC3}"
EndProject
Project("{9A19103F-16F7-4668-BE54-9A1E7A4F7556}") = "Discount.Grpc", "Services\Discount\Discount.Grpc\Discount.Grpc.csproj", "{7A708F94-8500-45D1-BC19-A68BB6FA7B8C}"
EndProject
Project("{2150E333-8FDC-42A3-9474-1A3956D46DE8}") = "Ordering", "Ordering", "{C370696F-BB65-4A5A-8FC9-211B2E0413C5}"
EndProject
Project("{9A19103F-16F7-4668-BE54-9A1E7A4F7556}") = "Ordering.API", "Services\Ordering\Ordering.API\Ordering.API.csproj", "{E08692EF-4AA9-424B-B758-458BDCEE47B6}"
EndProject
Project("{9A19103F-16F7-4668-BE54-9A1E7A4F7556}") = "Ordering.Domain", "Services\Ordering\Ordering.Domain\Ordering.Domain.csproj", "{0DFBF56A-8A61-4D31-848C-703798BA4DCB}"
EndProject
Project("{9A19103F-16F7-4668-BE54-9A1E7A4F7556}") = "Ordering.Application", "Services\Ordering\Ordering.Application\Ordering.Application.csproj", "{A6CB7F65-97C6-4A65-B1A2-CB07FA991949}"
EndProject
Project("{9A19103F-16F7-4668-BE54-9A1E7A4F7556}") = "Ordering.Infrastructure", "Services\Ordering\Ordering.Infrastructure\Ordering.Infrastructure.csproj", "{8B129A22-B982-4FD2-BD24-C84C38D79478}"
EndProject
Project("{2150E333-8FDC-42A3-9474-1A3956D46DE8}") = "BuildingBlocks", "BuildingBlocks", "{E15B10D7-18B9-4776-ABBD-9139C6146024}"
EndProject
Project("{FAE04EC0-301F-11D3-BF4B-00C04F79EFBC}") = "EventBus.Messages", "BuildingBlocks\EventBus.Messages\EventBus.Messages.csproj", "{78071648-F10F-491B-9091-6E48CC42677A}"
EndProject
Global
	GlobalSection(SolutionConfigurationPlatforms) = preSolution
		Debug|Any CPU = Debug|Any CPU
		Release|Any CPU = Release|Any CPU
	EndGlobalSection
	GlobalSection(ProjectConfigurationPlatforms) = postSolution
		{2FC829A0-A765-46DD-B38E-125F42BB5DC6}.Debug|Any CPU.ActiveCfg = Debug|Any CPU
		{2FC829A0-A765-46DD-B38E-125F42BB5DC6}.Debug|Any CPU.Build.0 = Debug|Any CPU
		{2FC829A0-A765-46DD-B38E-125F42BB5DC6}.Release|Any CPU.ActiveCfg = Release|Any CPU
		{2FC829A0-A765-46DD-B38E-125F42BB5DC6}.Release|Any CPU.Build.0 = Release|Any CPU
		{2465971E-D986-4AC3-A2E5-553AC48EDE6C}.Debug|Any CPU.ActiveCfg = Debug|Any CPU
		{2465971E-D986-4AC3-A2E5-553AC48EDE6C}.Debug|Any CPU.Build.0 = Debug|Any CPU
		{2465971E-D986-4AC3-A2E5-553AC48EDE6C}.Release|Any CPU.ActiveCfg = Release|Any CPU
		{2465971E-D986-4AC3-A2E5-553AC48EDE6C}.Release|Any CPU.Build.0 = Release|Any CPU
		{21ED1432-5D7A-4BE3-AA10-EDCB9F84F7F3}.Debug|Any CPU.ActiveCfg = Debug|Any CPU
		{21ED1432-5D7A-4BE3-AA10-EDCB9F84F7F3}.Debug|Any CPU.Build.0 = Debug|Any CPU
		{21ED1432-5D7A-4BE3-AA10-EDCB9F84F7F3}.Release|Any CPU.ActiveCfg = Release|Any CPU
		{21ED1432-5D7A-4BE3-AA10-EDCB9F84F7F3}.Release|Any CPU.Build.0 = Release|Any CPU
		{C487F94F-F6AB-497E-98BD-B14FDFF1FEC3}.Debug|Any CPU.ActiveCfg = Debug|Any CPU
		{C487F94F-F6AB-497E-98BD-B14FDFF1FEC3}.Debug|Any CPU.Build.0 = Debug|Any CPU
		{C487F94F-F6AB-497E-98BD-B14FDFF1FEC3}.Release|Any CPU.ActiveCfg = Release|Any CPU
		{C487F94F-F6AB-497E-98BD-B14FDFF1FEC3}.Release|Any CPU.Build.0 = Release|Any CPU
		{7A708F94-8500-45D1-BC19-A68BB6FA7B8C}.Debug|Any CPU.ActiveCfg = Debug|Any CPU
		{7A708F94-8500-45D1-BC19-A68BB6FA7B8C}.Debug|Any CPU.Build.0 = Debug|Any CPU
		{7A708F94-8500-45D1-BC19-A68BB6FA7B8C}.Release|Any CPU.ActiveCfg = Release|Any CPU
		{7A708F94-8500-45D1-BC19-A68BB6FA7B8C}.Release|Any CPU.Build.0 = Release|Any CPU
		{E08692EF-4AA9-424B-B758-458BDCEE47B6}.Debug|Any CPU.ActiveCfg = Debug|Any CPU
		{E08692EF-4AA9-424B-B758-458BDCEE47B6}.Debug|Any CPU.Build.0 = Debug|Any CPU
		{E08692EF-4AA9-424B-B758-458BDCEE47B6}.Release|Any CPU.ActiveCfg = Release|Any CPU
		{E08692EF-4AA9-424B-B758-458BDCEE47B6}.Release|Any CPU.Build.0 = Release|Any CPU
		{0DFBF56A-8A61-4D31-848C-703798BA4DCB}.Debug|Any CPU.ActiveCfg = Debug|Any CPU
		{0DFBF56A-8A61-4D31-848C-703798BA4DCB}.Debug|Any CPU.Build.0 = Debug|Any CPU
		{0DFBF56A-8A61-4D31-848C-703798BA4DCB}.Release|Any CPU.ActiveCfg = Release|Any CPU
		{0DFBF56A-8A61-4D31-848C-703798BA4DCB}.Release|Any CPU.Build.0 = Release|Any CPU
		{A6CB7F65-97C6-4A65-B1A2-CB07FA991949}.Debug|Any CPU.ActiveCfg = Debug|Any CPU
		{A6CB7F65-97C6-4A65-B1A2-CB07FA991949}.Debug|Any CPU.Build.0 = Debug|Any CPU
		{A6CB7F65-97C6-4A65-B1A2-CB07FA991949}.Release|Any CPU.ActiveCfg = Release|Any CPU
		{A6CB7F65-97C6-4A65-B1A2-CB07FA991949}.Release|Any CPU.Build.0 = Release|Any CPU
		{8B129A22-B982-4FD2-BD24-C84C38D79478}.Debug|Any CPU.ActiveCfg = Debug|Any CPU
		{8B129A22-B982-4FD2-BD24-C84C38D79478}.Debug|Any CPU.Build.0 = Debug|Any CPU
		{8B129A22-B982-4FD2-BD24-C84C38D79478}.Release|Any CPU.ActiveCfg = Release|Any CPU
		{8B129A22-B982-4FD2-BD24-C84C38D79478}.Release|Any CPU.Build.0 = Release|Any CPU
		{78071648-F10F-491B-9091-6E48CC42677A}.Debug|Any CPU.ActiveCfg = Debug|Any CPU
		{78071648-F10F-491B-9091-6E48CC42677A}.Debug|Any CPU.Build.0 = Debug|Any CPU
		{78071648-F10F-491B-9091-6E48CC42677A}.Release|Any CPU.ActiveCfg = Release|Any CPU
		{78071648-F10F-491B-9091-6E48CC42677A}.Release|Any CPU.Build.0 = Release|Any CPU
	EndGlobalSection
	GlobalSection(SolutionProperties) = preSolution
		HideSolutionNode = FALSE
	EndGlobalSection
	GlobalSection(NestedProjects) = preSolution
		{6C1047EE-995D-4FC0-AD16-C9E8B50739C8} = {2737B14D-8CBF-402B-85EB-817D82A95A2F}
		{2FC829A0-A765-46DD-B38E-125F42BB5DC6} = {6C1047EE-995D-4FC0-AD16-C9E8B50739C8}
		{3DFBEFB4-36AB-457E-96BA-85F73B3355E7} = {2737B14D-8CBF-402B-85EB-817D82A95A2F}
		{21ED1432-5D7A-4BE3-AA10-EDCB9F84F7F3} = {3DFBEFB4-36AB-457E-96BA-85F73B3355E7}
		{ABAAD453-C711-4703-A4AE-001C38138A10} = {2737B14D-8CBF-402B-85EB-817D82A95A2F}
		{C487F94F-F6AB-497E-98BD-B14FDFF1FEC3} = {ABAAD453-C711-4703-A4AE-001C38138A10}
		{7A708F94-8500-45D1-BC19-A68BB6FA7B8C} = {ABAAD453-C711-4703-A4AE-001C38138A10}
		{C370696F-BB65-4A5A-8FC9-211B2E0413C5} = {2737B14D-8CBF-402B-85EB-817D82A95A2F}
		{E08692EF-4AA9-424B-B758-458BDCEE47B6} = {C370696F-BB65-4A5A-8FC9-211B2E0413C5}
		{0DFBF56A-8A61-4D31-848C-703798BA4DCB} = {C370696F-BB65-4A5A-8FC9-211B2E0413C5}
		{A6CB7F65-97C6-4A65-B1A2-CB07FA991949} = {C370696F-BB65-4A5A-8FC9-211B2E0413C5}
		{8B129A22-B982-4FD2-BD24-C84C38D79478} = {C370696F-BB65-4A5A-8FC9-211B2E0413C5}
		{78071648-F10F-491B-9091-6E48CC42677A} = {E15B10D7-18B9-4776-ABBD-9139C6146024}
	EndGlobalSection
	GlobalSection(ExtensibilityGlobals) = postSolution
		SolutionGuid = {33DA39F3-5FD0-403C-9C53-CFE8FEF59D12}
	EndGlobalSection
EndGlobal
