
Microsoft Visual Studio Solution File, Format Version 12.00
# Visual Studio Version 16
VisualStudioVersion = 16.0.31424.327
MinimumVisualStudioVersion = 10.0.40219.1
Project("{2150E333-8FDC-42A3-9474-1A3956D46DE8}") = "Services", "Services", "{2737B14D-8CBF-402B-85EB-817D82A95A2F}"
EndProject
Project("{2150E333-8FDC-42A3-9474-1A3956D46DE8}") = "Catalog", "Catalog", "{6C1047EE-995D-4FC0-AD16-C9E8B50739C8}"
EndProject
Project("{9A19103F-16F7-4668-BE54-9A1E7A4F7556}") = "Catalog.API", "Services\Catalog\Catalog.API\Catalog.API.csproj", "{2FC829A0-A765-46DD-B38E-125F42BB5DC6}"
EndProject
Project("{E53339B2-1760-4266-BCC7-CA923CBCF16C}") = "docker-compose", "docker-compose.dcproj", "{2465971E-D986-4AC3-A2E5-553AC48EDE6C}"
EndProject
Project("{2150E333-8FDC-42A3-9474-1A3956D46DE8}") = "Basket", "Basket", "{3DFBEFB4-36AB-457E-96BA-85F73B3355E7}"
EndProject
Project("{FAE04EC0-301F-11D3-BF4B-00C04F79EFBC}") = "Basket.API", "Services\Basket\Basket.API\Basket.API.csproj", "{21ED1432-5D7A-4BE3-AA10-EDCB9F84F7F3}"
EndProject
Global
	GlobalSection(SolutionConfigurationPlatforms) = preSolution
		Debug|Any CPU = Debug|Any CPU
		Release|Any CPU = Release|Any CPU
	EndGlobalSection
	GlobalSection(ProjectConfigurationPlatforms) = postSolution
		{2FC829A0-A765-46DD-B38E-125F42BB5DC6}.Debug|Any CPU.ActiveCfg = Debug|Any CPU
		{2FC829A0-A765-46DD-B38E-125F42BB5DC6}.Debug|Any CPU.Build.0 = Debug|Any CPU
		{2FC829A0-A765-46DD-B38E-125F42BB5DC6}.Release|Any CPU.ActiveCfg = Release|Any CPU
		{2FC829A0-A765-46DD-B38E-125F42BB5DC6}.Release|Any CPU.Build.0 = Release|Any CPU
		{2465971E-D986-4AC3-A2E5-553AC48EDE6C}.Debug|Any CPU.ActiveCfg = Debug|Any CPU
		{2465971E-D986-4AC3-A2E5-553AC48EDE6C}.Debug|Any CPU.Build.0 = Debug|Any CPU
		{2465971E-D986-4AC3-A2E5-553AC48EDE6C}.Release|Any CPU.ActiveCfg = Release|Any CPU
		{2465971E-D986-4AC3-A2E5-553AC48EDE6C}.Release|Any CPU.Build.0 = Release|Any CPU
		{21ED1432-5D7A-4BE3-AA10-EDCB9F84F7F3}.Debug|Any CPU.ActiveCfg = Debug|Any CPU
		{21ED1432-5D7A-4BE3-AA10-EDCB9F84F7F3}.Debug|Any CPU.Build.0 = Debug|Any CPU
		{21ED1432-5D7A-4BE3-AA10-EDCB9F84F7F3}.Release|Any CPU.ActiveCfg = Release|Any CPU
		{21ED1432-5D7A-4BE3-AA10-EDCB9F84F7F3}.Release|Any CPU.Build.0 = Release|Any CPU
	EndGlobalSection
	GlobalSection(SolutionProperties) = preSolution
		HideSolutionNode = FALSE
	EndGlobalSection
	GlobalSection(NestedProjects) = preSolution
		{6C1047EE-995D-4FC0-AD16-C9E8B50739C8} = {2737B14D-8CBF-402B-85EB-817D82A95A2F}
		{2FC829A0-A765-46DD-B38E-125F42BB5DC6} = {6C1047EE-995D-4FC0-AD16-C9E8B50739C8}
		{3DFBEFB4-36AB-457E-96BA-85F73B3355E7} = {2737B14D-8CBF-402B-85EB-817D82A95A2F}
		{21ED1432-5D7A-4BE3-AA10-EDCB9F84F7F3} = {3DFBEFB4-36AB-457E-96BA-85F73B3355E7}
	EndGlobalSection
	GlobalSection(ExtensibilityGlobals) = postSolution
		SolutionGuid = {33DA39F3-5FD0-403C-9C53-CFE8FEF59D12}
	EndGlobalSection
EndGlobal
